
Microsoft Visual Studio Solution File, Format Version 12.00
# Visual Studio Version 17
VisualStudioVersion = 17.4.33213.308
MinimumVisualStudioVersion = 10.0.40219.1
Project("{FAE04EC0-301F-11D3-BF4B-00C04F79EFBC}") = "WebApplication4", "WebApplication4.csproj", "{C68C3D0A-896C-4E32-BAC3-C71234ABFD63}"
EndProject
Global
	GlobalSection(SolutionConfigurationPlatforms) = preSolution
		Debug|Any CPU = Debug|Any CPU
		Release|Any CPU = Release|Any CPU
	EndGlobalSection
	GlobalSection(ProjectConfigurationPlatforms) = postSolution
		{C68C3D0A-896C-4E32-BAC3-C71234ABFD63}.Debug|Any CPU.ActiveCfg = Debug|Any CPU
		{C68C3D0A-896C-4E32-BAC3-C71234ABFD63}.Debug|Any CPU.Build.0 = Debug|Any CPU
		{C68C3D0A-896C-4E32-BAC3-C71234ABFD63}.Release|Any CPU.ActiveCfg = Release|Any CPU
		{C68C3D0A-896C-4E32-BAC3-C71234ABFD63}.Release|Any CPU.Build.0 = Release|Any CPU
	EndGlobalSection
	GlobalSection(SolutionProperties) = preSolution
		HideSolutionNode = FALSE
	EndGlobalSection
	GlobalSection(ExtensibilityGlobals) = postSolution
		SolutionGuid = {3EF7488C-FD92-412C-B8D9-54F4A83A84B6}
	EndGlobalSection
EndGlobal
